
Microsoft Visual Studio Solution File, Format Version 12.00
# Visual Studio Version 17
VisualStudioVersion = 17.4.33213.308
MinimumVisualStudioVersion = 10.0.40219.1
Project("{FAE04EC0-301F-11D3-BF4B-00C04F79EFBC}") = "Blueprint-Blue-Lib", "Blueprint-Blue-Lib.csproj", "{DF0A68A5-656D-43B4-B871-E86A642B2A5A}"
EndProject
Project("{FAE04EC0-301F-11D3-BF4B-00C04F79EFBC}") = "BlueprintConsoleApp", "..\BlueprintConsoleApp\BlueprintConsoleApp.csproj", "{50CF4AC0-F431-4383-AC29-6497170AD952}"
EndProject
Global
	GlobalSection(SolutionConfigurationPlatforms) = preSolution
		Debug|Any CPU = Debug|Any CPU
		Release|Any CPU = Release|Any CPU
	EndGlobalSection
	GlobalSection(ProjectConfigurationPlatforms) = postSolution
		{DF0A68A5-656D-43B4-B871-E86A642B2A5A}.Debug|Any CPU.ActiveCfg = Debug|Any CPU
		{DF0A68A5-656D-43B4-B871-E86A642B2A5A}.Debug|Any CPU.Build.0 = Debug|Any CPU
		{DF0A68A5-656D-43B4-B871-E86A642B2A5A}.Release|Any CPU.ActiveCfg = Release|Any CPU
		{DF0A68A5-656D-43B4-B871-E86A642B2A5A}.Release|Any CPU.Build.0 = Release|Any CPU
		{50CF4AC0-F431-4383-AC29-6497170AD952}.Debug|Any CPU.ActiveCfg = Debug|Any CPU
		{50CF4AC0-F431-4383-AC29-6497170AD952}.Debug|Any CPU.Build.0 = Debug|Any CPU
		{50CF4AC0-F431-4383-AC29-6497170AD952}.Release|Any CPU.ActiveCfg = Release|Any CPU
		{50CF4AC0-F431-4383-AC29-6497170AD952}.Release|Any CPU.Build.0 = Release|Any CPU
	EndGlobalSection
	GlobalSection(SolutionProperties) = preSolution
		HideSolutionNode = FALSE
	EndGlobalSection
	GlobalSection(ExtensibilityGlobals) = postSolution
		SolutionGuid = {DA571CDD-83E6-429D-B935-2E8475785BDF}
	EndGlobalSection
EndGlobal
